
Microsoft Visual Studio Solution File, Format Version 12.00
# Visual Studio Version 17
VisualStudioVersion = 17.13.35507.96
MinimumVisualStudioVersion = 10.0.40219.1
Project("{FAE04EC0-301F-11D3-BF4B-00C04F79EFBC}") = "H3Project.WebAPI", "H3Project.WebAPI\H3Project.WebAPI.csproj", "{E7BD220D-5A98-4826-9313-9C2AB3B55B40}"
EndProject
Global
	GlobalSection(SolutionConfigurationPlatforms) = preSolution
		Debug|Any CPU = Debug|Any CPU
		Release|Any CPU = Release|Any CPU
	EndGlobalSection
	GlobalSection(ProjectConfigurationPlatforms) = postSolution
		{E7BD220D-5A98-4826-9313-9C2AB3B55B40}.Debug|Any CPU.ActiveCfg = Debug|Any CPU
		{E7BD220D-5A98-4826-9313-9C2AB3B55B40}.Debug|Any CPU.Build.0 = Debug|Any CPU
		{E7BD220D-5A98-4826-9313-9C2AB3B55B40}.Release|Any CPU.ActiveCfg = Release|Any CPU
		{E7BD220D-5A98-4826-9313-9C2AB3B55B40}.Release|Any CPU.Build.0 = Release|Any CPU
	EndGlobalSection
	GlobalSection(SolutionProperties) = preSolution
		HideSolutionNode = FALSE
	EndGlobalSection
	GlobalSection(ExtensibilityGlobals) = postSolution
		SolutionGuid = {1B919E00-18AF-4563-B6BE-B19C5C96D0CB}
	EndGlobalSection
EndGlobal
